// !$*UTF8*$!
{
	archiveVersion = 1;
	classes = {
	};
	objectVersion = 55;
	objects = {

/* Begin PBXBuildFile section */
		EBB0E303287F3F2100D0A9C4 /* DetailsViewController.swift in Sources */ = {isa = PBXBuildFile; fileRef = EBB0E302287F3F2100D0A9C4 /* DetailsViewController.swift */; };
		EBB0E305287F47E000D0A9C4 /* FeaturedViewControlleroller+UICollectionViewDelegate.swift in Sources */ = {isa = PBXBuildFile; fileRef = EBB0E304287F47E000D0A9C4 /* FeaturedViewControlleroller+UICollectionViewDelegate.swift */; };
		EBB0E3072881E7E000D0A9C4 /* TMDB-Info.plist in Resources */ = {isa = PBXBuildFile; fileRef = EBB0E3062881E7E000D0A9C4 /* TMDB-Info.plist */; };
		EBB0E3092881EC9F00D0A9C4 /* Movie+API.swift in Sources */ = {isa = PBXBuildFile; fileRef = EBB0E3082881EC9F00D0A9C4 /* Movie+API.swift */; };
		EBB0E30B2881F8E900D0A9C4 /* MoviesResponse.swift in Sources */ = {isa = PBXBuildFile; fileRef = EBB0E30A2881F8E900D0A9C4 /* MoviesResponse.swift */; };
		EBF8EB012875E83C0030F853 /* AppDelegate.swift in Sources */ = {isa = PBXBuildFile; fileRef = EBF8EB002875E83C0030F853 /* AppDelegate.swift */; };
		EBF8EB032875E83C0030F853 /* SceneDelegate.swift in Sources */ = {isa = PBXBuildFile; fileRef = EBF8EB022875E83C0030F853 /* SceneDelegate.swift */; };
		EBF8EB052875E83C0030F853 /* FeaturedViewController.swift in Sources */ = {isa = PBXBuildFile; fileRef = EBF8EB042875E83C0030F853 /* FeaturedViewController.swift */; };
		EBF8EB082875E83C0030F853 /* Main.storyboard in Resources */ = {isa = PBXBuildFile; fileRef = EBF8EB062875E83C0030F853 /* Main.storyboard */; };
		EBF8EB0B2875E83C0030F853 /* cinefilando.xcdatamodeld in Sources */ = {isa = PBXBuildFile; fileRef = EBF8EB092875E83C0030F853 /* cinefilando.xcdatamodeld */; };
		EBF8EB0D2875E83C0030F853 /* Assets.xcassets in Resources */ = {isa = PBXBuildFile; fileRef = EBF8EB0C2875E83C0030F853 /* Assets.xcassets */; };
		EBF8EB102875E83C0030F853 /* LaunchScreen.storyboard in Resources */ = {isa = PBXBuildFile; fileRef = EBF8EB0E2875E83C0030F853 /* LaunchScreen.storyboard */; };
		EBF8EB18287C98260030F853 /* PopularCollectionViewCell.swift in Sources */ = {isa = PBXBuildFile; fileRef = EBF8EB17287C98260030F853 /* PopularCollectionViewCell.swift */; };
		EBF8EB1A287C98460030F853 /* NowPlayingCollectionViewCell.swift in Sources */ = {isa = PBXBuildFile; fileRef = EBF8EB19287C98460030F853 /* NowPlayingCollectionViewCell.swift */; };
		EBF8EB20287DEE6D0030F853 /* Movie.swift in Sources */ = {isa = PBXBuildFile; fileRef = EBF8EB1F287DEE6D0030F853 /* Movie.swift */; };
		EBF8EB26287DF4E30030F853 /* Movie+TrendingThisWeek.swift in Sources */ = {isa = PBXBuildFile; fileRef = EBF8EB21287DF4E30030F853 /* Movie+TrendingThisWeek.swift */; };
		EBF8EB27287DF4E30030F853 /* Movie+TrendingToday.swift in Sources */ = {isa = PBXBuildFile; fileRef = EBF8EB22287DF4E30030F853 /* Movie+TrendingToday.swift */; };
		EBF8EB28287DF4E30030F853 /* Movie+Popular.swift in Sources */ = {isa = PBXBuildFile; fileRef = EBF8EB23287DF4E30030F853 /* Movie+Popular.swift */; };
		EBF8EB29287DF4E30030F853 /* Movie+Upcoming.swift in Sources */ = {isa = PBXBuildFile; fileRef = EBF8EB24287DF4E30030F853 /* Movie+Upcoming.swift */; };
		EBF8EB2A287DF4E30030F853 /* Movie+NowPlaying.swift in Sources */ = {isa = PBXBuildFile; fileRef = EBF8EB25287DF4E30030F853 /* Movie+NowPlaying.swift */; };
		EBF8EB2C287E144F0030F853 /* FeaturedViewController+UICollectionViewDataSource.swift in Sources */ = {isa = PBXBuildFile; fileRef = EBF8EB2B287E144F0030F853 /* FeaturedViewController+UICollectionViewDataSource.swift */; };
/* End PBXBuildFile section */

/* Begin PBXFileReference section */
		EBB0E302287F3F2100D0A9C4 /* DetailsViewController.swift */ = {isa = PBXFileReference; lastKnownFileType = sourcecode.swift; path = DetailsViewController.swift; sourceTree = "<group>"; };
		EBB0E304287F47E000D0A9C4 /* FeaturedViewControlleroller+UICollectionViewDelegate.swift */ = {isa = PBXFileReference; lastKnownFileType = sourcecode.swift; path = "FeaturedViewControlleroller+UICollectionViewDelegate.swift"; sourceTree = "<group>"; };
		EBB0E3062881E7E000D0A9C4 /* TMDB-Info.plist */ = {isa = PBXFileReference; lastKnownFileType = text.plist.xml; path = "TMDB-Info.plist"; sourceTree = "<group>"; };
		EBB0E3082881EC9F00D0A9C4 /* Movie+API.swift */ = {isa = PBXFileReference; fileEncoding = 4; lastKnownFileType = sourcecode.swift; path = "Movie+API.swift"; sourceTree = "<group>"; };
		EBB0E30A2881F8E900D0A9C4 /* MoviesResponse.swift */ = {isa = PBXFileReference; lastKnownFileType = sourcecode.swift; path = MoviesResponse.swift; sourceTree = "<group>"; };
		EBF8EAFD2875E83C0030F853 /* cinefilando.app */ = {isa = PBXFileReference; explicitFileType = wrapper.application; includeInIndex = 0; path = cinefilando.app; sourceTree = BUILT_PRODUCTS_DIR; };
		EBF8EB002875E83C0030F853 /* AppDelegate.swift */ = {isa = PBXFileReference; lastKnownFileType = sourcecode.swift; path = AppDelegate.swift; sourceTree = "<group>"; };
		EBF8EB022875E83C0030F853 /* SceneDelegate.swift */ = {isa = PBXFileReference; lastKnownFileType = sourcecode.swift; path = SceneDelegate.swift; sourceTree = "<group>"; };
		EBF8EB042875E83C0030F853 /* FeaturedViewController.swift */ = {isa = PBXFileReference; lastKnownFileType = sourcecode.swift; path = FeaturedViewController.swift; sourceTree = "<group>"; };
		EBF8EB072875E83C0030F853 /* Base */ = {isa = PBXFileReference; lastKnownFileType = file.storyboard; name = Base; path = Base.lproj/Main.storyboard; sourceTree = "<group>"; };
		EBF8EB0A2875E83C0030F853 /* cinefilando.xcdatamodel */ = {isa = PBXFileReference; lastKnownFileType = wrapper.xcdatamodel; path = cinefilando.xcdatamodel; sourceTree = "<group>"; };
		EBF8EB0C2875E83C0030F853 /* Assets.xcassets */ = {isa = PBXFileReference; lastKnownFileType = folder.assetcatalog; path = Assets.xcassets; sourceTree = "<group>"; };
		EBF8EB0F2875E83C0030F853 /* Base */ = {isa = PBXFileReference; lastKnownFileType = file.storyboard; name = Base; path = Base.lproj/LaunchScreen.storyboard; sourceTree = "<group>"; };
		EBF8EB112875E83C0030F853 /* Info.plist */ = {isa = PBXFileReference; lastKnownFileType = text.plist.xml; path = Info.plist; sourceTree = "<group>"; };
		EBF8EB17287C98260030F853 /* PopularCollectionViewCell.swift */ = {isa = PBXFileReference; lastKnownFileType = sourcecode.swift; path = PopularCollectionViewCell.swift; sourceTree = "<group>"; };
		EBF8EB19287C98460030F853 /* NowPlayingCollectionViewCell.swift */ = {isa = PBXFileReference; lastKnownFileType = sourcecode.swift; path = NowPlayingCollectionViewCell.swift; sourceTree = "<group>"; };
		EBF8EB1F287DEE6D0030F853 /* Movie.swift */ = {isa = PBXFileReference; lastKnownFileType = sourcecode.swift; path = Movie.swift; sourceTree = "<group>"; };
		EBF8EB21287DF4E30030F853 /* Movie+TrendingThisWeek.swift */ = {isa = PBXFileReference; fileEncoding = 4; lastKnownFileType = sourcecode.swift; path = "Movie+TrendingThisWeek.swift"; sourceTree = "<group>"; };
		EBF8EB22287DF4E30030F853 /* Movie+TrendingToday.swift */ = {isa = PBXFileReference; fileEncoding = 4; lastKnownFileType = sourcecode.swift; path = "Movie+TrendingToday.swift"; sourceTree = "<group>"; };
		EBF8EB23287DF4E30030F853 /* Movie+Popular.swift */ = {isa = PBXFileReference; fileEncoding = 4; lastKnownFileType = sourcecode.swift; path = "Movie+Popular.swift"; sourceTree = "<group>"; };
		EBF8EB24287DF4E30030F853 /* Movie+Upcoming.swift */ = {isa = PBXFileReference; fileEncoding = 4; lastKnownFileType = sourcecode.swift; path = "Movie+Upcoming.swift"; sourceTree = "<group>"; };
		EBF8EB25287DF4E30030F853 /* Movie+NowPlaying.swift */ = {isa = PBXFileReference; fileEncoding = 4; lastKnownFileType = sourcecode.swift; path = "Movie+NowPlaying.swift"; sourceTree = "<group>"; };
		EBF8EB2B287E144F0030F853 /* FeaturedViewController+UICollectionViewDataSource.swift */ = {isa = PBXFileReference; lastKnownFileType = sourcecode.swift; path = "FeaturedViewController+UICollectionViewDataSource.swift"; sourceTree = "<group>"; };
/* End PBXFileReference section */

/* Begin PBXFrameworksBuildPhase section */
		EBF8EAFA2875E83C0030F853 /* Frameworks */ = {
			isa = PBXFrameworksBuildPhase;
			buildActionMask = 2147483647;
			files = (
			);
			runOnlyForDeploymentPostprocessing = 0;
		};
/* End PBXFrameworksBuildPhase section */

/* Begin PBXGroup section */
		EBF8EAF42875E83C0030F853 = {
			isa = PBXGroup;
			children = (
				EBF8EAFF2875E83C0030F853 /* cinefilando */,
				EBF8EAFE2875E83C0030F853 /* Products */,
			);
			sourceTree = "<group>";
		};
		EBF8EAFE2875E83C0030F853 /* Products */ = {
			isa = PBXGroup;
			children = (
				EBF8EAFD2875E83C0030F853 /* cinefilando.app */,
			);
			name = Products;
			sourceTree = "<group>";
		};
		EBF8EAFF2875E83C0030F853 /* cinefilando */ = {
			isa = PBXGroup;
			children = (
				EBF8EB002875E83C0030F853 /* AppDelegate.swift */,
				EBF8EB022875E83C0030F853 /* SceneDelegate.swift */,
				EBF8EB1E287DEDF30030F853 /* Models */,
				EBF8EB1C287C9A0C0030F853 /* Views */,
				EBF8EB1B287C99210030F853 /* Controllers */,
				EBF8EB1D287C9E4E0030F853 /* SupportingFiles */,
				EBF8EB092875E83C0030F853 /* cinefilando.xcdatamodeld */,
			);
			path = cinefilando;
			sourceTree = "<group>";
		};
		EBF8EB1B287C99210030F853 /* Controllers */ = {
			isa = PBXGroup;
			children = (
				EBF8EB042875E83C0030F853 /* FeaturedViewController.swift */,
				EBF8EB2B287E144F0030F853 /* FeaturedViewController+UICollectionViewDataSource.swift */,
				EBB0E302287F3F2100D0A9C4 /* DetailsViewController.swift */,
				EBB0E304287F47E000D0A9C4 /* FeaturedViewControlleroller+UICollectionViewDelegate.swift */,
			);
			path = Controllers;
			sourceTree = "<group>";
		};
		EBF8EB1C287C9A0C0030F853 /* Views */ = {
			isa = PBXGroup;
			children = (
				EBF8EB062875E83C0030F853 /* Main.storyboard */,
				EBF8EB0E2875E83C0030F853 /* LaunchScreen.storyboard */,
				EBF8EB19287C98460030F853 /* NowPlayingCollectionViewCell.swift */,
				EBF8EB17287C98260030F853 /* PopularCollectionViewCell.swift */,
			);
			path = Views;
			sourceTree = "<group>";
		};
		EBF8EB1D287C9E4E0030F853 /* SupportingFiles */ = {
			isa = PBXGroup;
			children = (
				EBF8EB0C2875E83C0030F853 /* Assets.xcassets */,
				EBF8EB112875E83C0030F853 /* Info.plist */,
				EBB0E3062881E7E000D0A9C4 /* TMDB-Info.plist */,
			);
			name = SupportingFiles;
			sourceTree = "<group>";
		};
		EBF8EB1E287DEDF30030F853 /* Models */ = {
			isa = PBXGroup;
			children = (
				EBB0E3082881EC9F00D0A9C4 /* Movie+API.swift */,
				EBF8EB25287DF4E30030F853 /* Movie+NowPlaying.swift */,
				EBF8EB23287DF4E30030F853 /* Movie+Popular.swift */,
				EBF8EB21287DF4E30030F853 /* Movie+TrendingThisWeek.swift */,
				EBF8EB22287DF4E30030F853 /* Movie+TrendingToday.swift */,
				EBF8EB24287DF4E30030F853 /* Movie+Upcoming.swift */,
				EBF8EB1F287DEE6D0030F853 /* Movie.swift */,
				EBB0E30A2881F8E900D0A9C4 /* MoviesResponse.swift */,
			);
			path = Models;
			sourceTree = "<group>";
		};
/* End PBXGroup section */

/* Begin PBXNativeTarget section */
		EBF8EAFC2875E83C0030F853 /* cinefilando */ = {
			isa = PBXNativeTarget;
			buildConfigurationList = EBF8EB142875E83C0030F853 /* Build configuration list for PBXNativeTarget "cinefilando" */;
			buildPhases = (
				EBF8EAF92875E83C0030F853 /* Sources */,
				EBF8EAFA2875E83C0030F853 /* Frameworks */,
				EBF8EAFB2875E83C0030F853 /* Resources */,
			);
			buildRules = (
			);
			dependencies = (
			);
			name = cinefilando;
			productName = cinefilando;
			productReference = EBF8EAFD2875E83C0030F853 /* cinefilando.app */;
			productType = "com.apple.product-type.application";
		};
/* End PBXNativeTarget section */

/* Begin PBXProject section */
		EBF8EAF52875E83C0030F853 /* Project object */ = {
			isa = PBXProject;
			attributes = {
				BuildIndependentTargetsInParallel = 1;
				LastSwiftUpdateCheck = 1340;
				LastUpgradeCheck = 1340;
				TargetAttributes = {
					EBF8EAFC2875E83C0030F853 = {
						CreatedOnToolsVersion = 13.4.1;
					};
				};
			};
			buildConfigurationList = EBF8EAF82875E83C0030F853 /* Build configuration list for PBXProject "cinefilando" */;
			compatibilityVersion = "Xcode 13.0";
			developmentRegion = en;
			hasScannedForEncodings = 0;
			knownRegions = (
				en,
				Base,
			);
			mainGroup = EBF8EAF42875E83C0030F853;
			productRefGroup = EBF8EAFE2875E83C0030F853 /* Products */;
			projectDirPath = "";
			projectRoot = "";
			targets = (
				EBF8EAFC2875E83C0030F853 /* cinefilando */,
			);
		};
/* End PBXProject section */

/* Begin PBXResourcesBuildPhase section */
		EBF8EAFB2875E83C0030F853 /* Resources */ = {
			isa = PBXResourcesBuildPhase;
			buildActionMask = 2147483647;
			files = (
				EBF8EB102875E83C0030F853 /* LaunchScreen.storyboard in Resources */,
				EBB0E3072881E7E000D0A9C4 /* TMDB-Info.plist in Resources */,
				EBF8EB0D2875E83C0030F853 /* Assets.xcassets in Resources */,
				EBF8EB082875E83C0030F853 /* Main.storyboard in Resources */,
			);
			runOnlyForDeploymentPostprocessing = 0;
		};
/* End PBXResourcesBuildPhase section */

/* Begin PBXSourcesBuildPhase section */
		EBF8EAF92875E83C0030F853 /* Sources */ = {
			isa = PBXSourcesBuildPhase;
			buildActionMask = 2147483647;
			files = (
				EBF8EB20287DEE6D0030F853 /* Movie.swift in Sources */,
				EBF8EB26287DF4E30030F853 /* Movie+TrendingThisWeek.swift in Sources */,
				EBF8EB0B2875E83C0030F853 /* cinefilando.xcdatamodeld in Sources */,
				EBF8EB29287DF4E30030F853 /* Movie+Upcoming.swift in Sources */,
				EBF8EB2C287E144F0030F853 /* FeaturedViewController+UICollectionViewDataSource.swift in Sources */,
				EBF8EB2A287DF4E30030F853 /* Movie+NowPlaying.swift in Sources */,
				EBF8EB052875E83C0030F853 /* FeaturedViewController.swift in Sources */,
				EBF8EB1A287C98460030F853 /* NowPlayingCollectionViewCell.swift in Sources */,
				EBF8EB18287C98260030F853 /* PopularCollectionViewCell.swift in Sources */,
				EBF8EB28287DF4E30030F853 /* Movie+Popular.swift in Sources */,
				EBB0E30B2881F8E900D0A9C4 /* MoviesResponse.swift in Sources */,
				EBF8EB27287DF4E30030F853 /* Movie+TrendingToday.swift in Sources */,
				EBB0E303287F3F2100D0A9C4 /* DetailsViewController.swift in Sources */,
				EBF8EB012875E83C0030F853 /* AppDelegate.swift in Sources */,
				EBB0E305287F47E000D0A9C4 /* FeaturedViewControlleroller+UICollectionViewDelegate.swift in Sources */,
				EBF8EB032875E83C0030F853 /* SceneDelegate.swift in Sources */,
				EBB0E3092881EC9F00D0A9C4 /* Movie+API.swift in Sources */,
			);
			runOnlyForDeploymentPostprocessing = 0;
		};
/* End PBXSourcesBuildPhase section */

/* Begin PBXVariantGroup section */
		EBF8EB062875E83C0030F853 /* Main.storyboard */ = {
			isa = PBXVariantGroup;
			children = (
				EBF8EB072875E83C0030F853 /* Base */,
			);
			name = Main.storyboard;
			sourceTree = "<group>";
		};
		EBF8EB0E2875E83C0030F853 /* LaunchScreen.storyboard */ = {
			isa = PBXVariantGroup;
			children = (
				EBF8EB0F2875E83C0030F853 /* Base */,
			);
			name = LaunchScreen.storyboard;
			sourceTree = "<group>";
		};
/* End PBXVariantGroup section */

/* Begin XCBuildConfiguration section */
		EBF8EB122875E83C0030F853 /* Debug */ = {
			isa = XCBuildConfiguration;
			buildSettings = {
				ALWAYS_SEARCH_USER_PATHS = NO;
				CLANG_ANALYZER_NONNULL = YES;
				CLANG_ANALYZER_NUMBER_OBJECT_CONVERSION = YES_AGGRESSIVE;
				CLANG_CXX_LANGUAGE_STANDARD = "gnu++17";
				CLANG_ENABLE_MODULES = YES;
				CLANG_ENABLE_OBJC_ARC = YES;
				CLANG_ENABLE_OBJC_WEAK = YES;
				CLANG_WARN_BLOCK_CAPTURE_AUTORELEASING = YES;
				CLANG_WARN_BOOL_CONVERSION = YES;
				CLANG_WARN_COMMA = YES;
				CLANG_WARN_CONSTANT_CONVERSION = YES;
				CLANG_WARN_DEPRECATED_OBJC_IMPLEMENTATIONS = YES;
				CLANG_WARN_DIRECT_OBJC_ISA_USAGE = YES_ERROR;
				CLANG_WARN_DOCUMENTATION_COMMENTS = YES;
				CLANG_WARN_EMPTY_BODY = YES;
				CLANG_WARN_ENUM_CONVERSION = YES;
				CLANG_WARN_INFINITE_RECURSION = YES;
				CLANG_WARN_INT_CONVERSION = YES;
				CLANG_WARN_NON_LITERAL_NULL_CONVERSION = YES;
				CLANG_WARN_OBJC_IMPLICIT_RETAIN_SELF = YES;
				CLANG_WARN_OBJC_LITERAL_CONVERSION = YES;
				CLANG_WARN_OBJC_ROOT_CLASS = YES_ERROR;
				CLANG_WARN_QUOTED_INCLUDE_IN_FRAMEWORK_HEADER = YES;
				CLANG_WARN_RANGE_LOOP_ANALYSIS = YES;
				CLANG_WARN_STRICT_PROTOTYPES = YES;
				CLANG_WARN_SUSPICIOUS_MOVE = YES;
				CLANG_WARN_UNGUARDED_AVAILABILITY = YES_AGGRESSIVE;
				CLANG_WARN_UNREACHABLE_CODE = YES;
				CLANG_WARN__DUPLICATE_METHOD_MATCH = YES;
				COPY_PHASE_STRIP = NO;
				DEBUG_INFORMATION_FORMAT = dwarf;
				ENABLE_STRICT_OBJC_MSGSEND = YES;
				ENABLE_TESTABILITY = YES;
				GCC_C_LANGUAGE_STANDARD = gnu11;
				GCC_DYNAMIC_NO_PIC = NO;
				GCC_NO_COMMON_BLOCKS = YES;
				GCC_OPTIMIZATION_LEVEL = 0;
				GCC_PREPROCESSOR_DEFINITIONS = (
					"DEBUG=1",
					"$(inherited)",
				);
				GCC_WARN_64_TO_32_BIT_CONVERSION = YES;
				GCC_WARN_ABOUT_RETURN_TYPE = YES_ERROR;
				GCC_WARN_UNDECLARED_SELECTOR = YES;
				GCC_WARN_UNINITIALIZED_AUTOS = YES_AGGRESSIVE;
				GCC_WARN_UNUSED_FUNCTION = YES;
				GCC_WARN_UNUSED_VARIABLE = YES;
				IPHONEOS_DEPLOYMENT_TARGET = 15.5;
				MTL_ENABLE_DEBUG_INFO = INCLUDE_SOURCE;
				MTL_FAST_MATH = YES;
				ONLY_ACTIVE_ARCH = YES;
				SDKROOT = iphoneos;
				SWIFT_ACTIVE_COMPILATION_CONDITIONS = DEBUG;
				SWIFT_OPTIMIZATION_LEVEL = "-Onone";
			};
			name = Debug;
		};
		EBF8EB132875E83C0030F853 /* Release */ = {
			isa = XCBuildConfiguration;
			buildSettings = {
				ALWAYS_SEARCH_USER_PATHS = NO;
				CLANG_ANALYZER_NONNULL = YES;
				CLANG_ANALYZER_NUMBER_OBJECT_CONVERSION = YES_AGGRESSIVE;
				CLANG_CXX_LANGUAGE_STANDARD = "gnu++17";
				CLANG_ENABLE_MODULES = YES;
				CLANG_ENABLE_OBJC_ARC = YES;
				CLANG_ENABLE_OBJC_WEAK = YES;
				CLANG_WARN_BLOCK_CAPTURE_AUTORELEASING = YES;
				CLANG_WARN_BOOL_CONVERSION = YES;
				CLANG_WARN_COMMA = YES;
				CLANG_WARN_CONSTANT_CONVERSION = YES;
				CLANG_WARN_DEPRECATED_OBJC_IMPLEMENTATIONS = YES;
				CLANG_WARN_DIRECT_OBJC_ISA_USAGE = YES_ERROR;
				CLANG_WARN_DOCUMENTATION_COMMENTS = YES;
				CLANG_WARN_EMPTY_BODY = YES;
				CLANG_WARN_ENUM_CONVERSION = YES;
				CLANG_WARN_INFINITE_RECURSION = YES;
				CLANG_WARN_INT_CONVERSION = YES;
				CLANG_WARN_NON_LITERAL_NULL_CONVERSION = YES;
				CLANG_WARN_OBJC_IMPLICIT_RETAIN_SELF = YES;
				CLANG_WARN_OBJC_LITERAL_CONVERSION = YES;
				CLANG_WARN_OBJC_ROOT_CLASS = YES_ERROR;
				CLANG_WARN_QUOTED_INCLUDE_IN_FRAMEWORK_HEADER = YES;
				CLANG_WARN_RANGE_LOOP_ANALYSIS = YES;
				CLANG_WARN_STRICT_PROTOTYPES = YES;
				CLANG_WARN_SUSPICIOUS_MOVE = YES;
				CLANG_WARN_UNGUARDED_AVAILABILITY = YES_AGGRESSIVE;
				CLANG_WARN_UNREACHABLE_CODE = YES;
				CLANG_WARN__DUPLICATE_METHOD_MATCH = YES;
				COPY_PHASE_STRIP = NO;
				DEBUG_INFORMATION_FORMAT = "dwarf-with-dsym";
				ENABLE_NS_ASSERTIONS = NO;
				ENABLE_STRICT_OBJC_MSGSEND = YES;
				GCC_C_LANGUAGE_STANDARD = gnu11;
				GCC_NO_COMMON_BLOCKS = YES;
				GCC_WARN_64_TO_32_BIT_CONVERSION = YES;
				GCC_WARN_ABOUT_RETURN_TYPE = YES_ERROR;
				GCC_WARN_UNDECLARED_SELECTOR = YES;
				GCC_WARN_UNINITIALIZED_AUTOS = YES_AGGRESSIVE;
				GCC_WARN_UNUSED_FUNCTION = YES;
				GCC_WARN_UNUSED_VARIABLE = YES;
				IPHONEOS_DEPLOYMENT_TARGET = 15.5;
				MTL_ENABLE_DEBUG_INFO = NO;
				MTL_FAST_MATH = YES;
				SDKROOT = iphoneos;
				SWIFT_COMPILATION_MODE = wholemodule;
				SWIFT_OPTIMIZATION_LEVEL = "-O";
				VALIDATE_PRODUCT = YES;
			};
			name = Release;
		};
		EBF8EB152875E83C0030F853 /* Debug */ = {
			isa = XCBuildConfiguration;
			buildSettings = {
				ASSETCATALOG_COMPILER_APPICON_NAME = AppIcon;
				ASSETCATALOG_COMPILER_GLOBAL_ACCENT_COLOR_NAME = AccentColor;
				CODE_SIGN_STYLE = Automatic;
				CURRENT_PROJECT_VERSION = 1;
				DEVELOPMENT_TEAM = 9FWLTGWA8V;
				GENERATE_INFOPLIST_FILE = YES;
				INFOPLIST_FILE = cinefilando/Info.plist;
				INFOPLIST_KEY_UIApplicationSupportsIndirectInputEvents = YES;
				INFOPLIST_KEY_UILaunchStoryboardName = LaunchScreen;
				INFOPLIST_KEY_UIMainStoryboardFile = Main;
				INFOPLIST_KEY_UISupportedInterfaceOrientations_iPad = "UIInterfaceOrientationPortrait UIInterfaceOrientationPortraitUpsideDown UIInterfaceOrientationLandscapeLeft UIInterfaceOrientationLandscapeRight";
				INFOPLIST_KEY_UISupportedInterfaceOrientations_iPhone = "UIInterfaceOrientationPortrait UIInterfaceOrientationLandscapeLeft UIInterfaceOrientationLandscapeRight";
				LD_RUNPATH_SEARCH_PATHS = (
					"$(inherited)",
					"@executable_path/Frameworks",
				);
				MARKETING_VERSION = 1.0;
				PRODUCT_BUNDLE_IDENTIFIER = br.lucas.valenca.cinefilando;
				PRODUCT_NAME = "$(TARGET_NAME)";
				SWIFT_EMIT_LOC_STRINGS = YES;
				SWIFT_VERSION = 5.0;
				TARGETED_DEVICE_FAMILY = "1,2";
			};
			name = Debug;
		};
		EBF8EB162875E83C0030F853 /* Release */ = {
			isa = XCBuildConfiguration;
			buildSettings = {
				ASSETCATALOG_COMPILER_APPICON_NAME = AppIcon;
				ASSETCATALOG_COMPILER_GLOBAL_ACCENT_COLOR_NAME = AccentColor;
				CODE_SIGN_STYLE = Automatic;
				CURRENT_PROJECT_VERSION = 1;
				DEVELOPMENT_TEAM = 9FWLTGWA8V;
				GENERATE_INFOPLIST_FILE = YES;
				INFOPLIST_FILE = cinefilando/Info.plist;
				INFOPLIST_KEY_UIApplicationSupportsIndirectInputEvents = YES;
				INFOPLIST_KEY_UILaunchStoryboardName = LaunchScreen;
				INFOPLIST_KEY_UIMainStoryboardFile = Main;
				INFOPLIST_KEY_UISupportedInterfaceOrientations_iPad = "UIInterfaceOrientationPortrait UIInterfaceOrientationPortraitUpsideDown UIInterfaceOrientationLandscapeLeft UIInterfaceOrientationLandscapeRight";
				INFOPLIST_KEY_UISupportedInterfaceOrientations_iPhone = "UIInterfaceOrientationPortrait UIInterfaceOrientationLandscapeLeft UIInterfaceOrientationLandscapeRight";
				LD_RUNPATH_SEARCH_PATHS = (
					"$(inherited)",
					"@executable_path/Frameworks",
				);
				MARKETING_VERSION = 1.0;
				PRODUCT_BUNDLE_IDENTIFIER = br.lucas.valenca.cinefilando;
				PRODUCT_NAME = "$(TARGET_NAME)";
				SWIFT_EMIT_LOC_STRINGS = YES;
				SWIFT_VERSION = 5.0;
				TARGETED_DEVICE_FAMILY = "1,2";
			};
			name = Release;
		};
/* End XCBuildConfiguration section */

/* Begin XCConfigurationList section */
		EBF8EAF82875E83C0030F853 /* Build configuration list for PBXProject "cinefilando" */ = {
			isa = XCConfigurationList;
			buildConfigurations = (
				EBF8EB122875E83C0030F853 /* Debug */,
				EBF8EB132875E83C0030F853 /* Release */,
			);
			defaultConfigurationIsVisible = 0;
			defaultConfigurationName = Release;
		};
		EBF8EB142875E83C0030F853 /* Build configuration list for PBXNativeTarget "cinefilando" */ = {
			isa = XCConfigurationList;
			buildConfigurations = (
				EBF8EB152875E83C0030F853 /* Debug */,
				EBF8EB162875E83C0030F853 /* Release */,
			);
			defaultConfigurationIsVisible = 0;
			defaultConfigurationName = Release;
		};
/* End XCConfigurationList section */

/* Begin XCVersionGroup section */
		EBF8EB092875E83C0030F853 /* cinefilando.xcdatamodeld */ = {
			isa = XCVersionGroup;
			children = (
				EBF8EB0A2875E83C0030F853 /* cinefilando.xcdatamodel */,
			);
			currentVersion = EBF8EB0A2875E83C0030F853 /* cinefilando.xcdatamodel */;
			path = cinefilando.xcdatamodeld;
			sourceTree = "<group>";
			versionGroupType = wrapper.xcdatamodel;
		};
/* End XCVersionGroup section */
	};
	rootObject = EBF8EAF52875E83C0030F853 /* Project object */;
}
